// !$*UTF8*$!
{
	archiveVersion = 1;
	classes = {
	};
	objectVersion = 50;
	objects = {

/* Begin PBXBuildFile section */
		4693E68124D5AC8D00D14141 /* main.swift in Sources */ = {isa = PBXBuildFile; fileRef = 4693E68024D5AC8D00D14141 /* main.swift */; };
		4693E68E24D7033700D14141 /* iMultiplyTests.swift in Sources */ = {isa = PBXBuildFile; fileRef = 4693E68D24D7033700D14141 /* iMultiplyTests.swift */; };
		4693E69324D7035700D14141 /* main.swift in Sources */ = {isa = PBXBuildFile; fileRef = 4693E68024D5AC8D00D14141 /* main.swift */; };
		4693E69524D703B700D14141 /* Question.swift in Sources */ = {isa = PBXBuildFile; fileRef = 4693E69424D703B700D14141 /* Question.swift */; };
		469B7F9124D7062B00EE88F8 /* Question.swift in Sources */ = {isa = PBXBuildFile; fileRef = 4693E69424D703B700D14141 /* Question.swift */; };
/* End PBXBuildFile section */

/* Begin PBXCopyFilesBuildPhase section */
		4693E67B24D5AC8D00D14141 /* CopyFiles */ = {
			isa = PBXCopyFilesBuildPhase;
			buildActionMask = 2147483647;
			dstPath = /usr/share/man/man1/;
			dstSubfolderSpec = 0;
			files = (
			);
			runOnlyForDeploymentPostprocessing = 1;
		};
/* End PBXCopyFilesBuildPhase section */

/* Begin PBXFileReference section */
		4693E67D24D5AC8D00D14141 /* iMultiply */ = {isa = PBXFileReference; explicitFileType = "compiled.mach-o.executable"; includeInIndex = 0; path = iMultiply; sourceTree = BUILT_PRODUCTS_DIR; };
		4693E68024D5AC8D00D14141 /* main.swift */ = {isa = PBXFileReference; lastKnownFileType = sourcecode.swift; path = main.swift; sourceTree = "<group>"; };
		4693E68B24D7033700D14141 /* iMultiplyTests.xctest */ = {isa = PBXFileReference; explicitFileType = wrapper.cfbundle; includeInIndex = 0; path = iMultiplyTests.xctest; sourceTree = BUILT_PRODUCTS_DIR; };
		4693E68D24D7033700D14141 /* iMultiplyTests.swift */ = {isa = PBXFileReference; lastKnownFileType = sourcecode.swift; path = iMultiplyTests.swift; sourceTree = "<group>"; };
		4693E68F24D7033700D14141 /* Info.plist */ = {isa = PBXFileReference; lastKnownFileType = text.plist.xml; path = Info.plist; sourceTree = "<group>"; };
		4693E69424D703B700D14141 /* Question.swift */ = {isa = PBXFileReference; lastKnownFileType = sourcecode.swift; path = Question.swift; sourceTree = "<group>"; };
/* End PBXFileReference section */

/* Begin PBXFrameworksBuildPhase section */
		4693E67A24D5AC8D00D14141 /* Frameworks */ = {
			isa = PBXFrameworksBuildPhase;
			buildActionMask = 2147483647;
			files = (
			);
			runOnlyForDeploymentPostprocessing = 0;
		};
		4693E68824D7033700D14141 /* Frameworks */ = {
			isa = PBXFrameworksBuildPhase;
			buildActionMask = 2147483647;
			files = (
			);
			runOnlyForDeploymentPostprocessing = 0;
		};
/* End PBXFrameworksBuildPhase section */

/* Begin PBXGroup section */
		4693E67424D5AC8D00D14141 = {
			isa = PBXGroup;
			children = (
				4693E67F24D5AC8D00D14141 /* iMultiply */,
				4693E68C24D7033700D14141 /* iMultiplyTests */,
				4693E67E24D5AC8D00D14141 /* Products */,
			);
			sourceTree = "<group>";
		};
		4693E67E24D5AC8D00D14141 /* Products */ = {
			isa = PBXGroup;
			children = (
				4693E67D24D5AC8D00D14141 /* iMultiply */,
				4693E68B24D7033700D14141 /* iMultiplyTests.xctest */,
			);
			name = Products;
			sourceTree = "<group>";
		};
		4693E67F24D5AC8D00D14141 /* iMultiply */ = {
			isa = PBXGroup;
			children = (
				4693E68024D5AC8D00D14141 /* main.swift */,
				4693E69424D703B700D14141 /* Question.swift */,
			);
			path = iMultiply;
			sourceTree = "<group>";
		};
		4693E68C24D7033700D14141 /* iMultiplyTests */ = {
			isa = PBXGroup;
			children = (
				4693E68D24D7033700D14141 /* iMultiplyTests.swift */,
				4693E68F24D7033700D14141 /* Info.plist */,
			);
			path = iMultiplyTests;
			sourceTree = "<group>";
		};
/* End PBXGroup section */

/* Begin PBXNativeTarget section */
		4693E67C24D5AC8D00D14141 /* iMultiply */ = {
			isa = PBXNativeTarget;
			buildConfigurationList = 4693E68424D5AC8D00D14141 /* Build configuration list for PBXNativeTarget "iMultiply" */;
			buildPhases = (
				4693E67924D5AC8D00D14141 /* Sources */,
				4693E67A24D5AC8D00D14141 /* Frameworks */,
				4693E67B24D5AC8D00D14141 /* CopyFiles */,
			);
			buildRules = (
			);
			dependencies = (
			);
			name = iMultiply;
			productName = iMultiply;
			productReference = 4693E67D24D5AC8D00D14141 /* iMultiply */;
			productType = "com.apple.product-type.tool";
		};
		4693E68A24D7033700D14141 /* iMultiplyTests */ = {
			isa = PBXNativeTarget;
			buildConfigurationList = 4693E69024D7033700D14141 /* Build configuration list for PBXNativeTarget "iMultiplyTests" */;
			buildPhases = (
				4693E68724D7033700D14141 /* Sources */,
				4693E68824D7033700D14141 /* Frameworks */,
				4693E68924D7033700D14141 /* Resources */,
			);
			buildRules = (
			);
			dependencies = (
			);
			name = iMultiplyTests;
			productName = iMultiplyTests;
			productReference = 4693E68B24D7033700D14141 /* iMultiplyTests.xctest */;
			productType = "com.apple.product-type.bundle.unit-test";
		};
/* End PBXNativeTarget section */

/* Begin PBXProject section */
		4693E67524D5AC8D00D14141 /* Project object */ = {
			isa = PBXProject;
			attributes = {
				LastSwiftUpdateCheck = 1160;
				LastUpgradeCheck = 1160;
				ORGANIZATIONNAME = "Oliver Lippold";
				TargetAttributes = {
					4693E67C24D5AC8D00D14141 = {
						CreatedOnToolsVersion = 11.6;
					};
					4693E68A24D7033700D14141 = {
						CreatedOnToolsVersion = 11.6;
					};
				};
			};
			buildConfigurationList = 4693E67824D5AC8D00D14141 /* Build configuration list for PBXProject "iMultiply" */;
			compatibilityVersion = "Xcode 9.3";
			developmentRegion = en;
			hasScannedForEncodings = 0;
			knownRegions = (
				en,
				Base,
			);
			mainGroup = 4693E67424D5AC8D00D14141;
			productRefGroup = 4693E67E24D5AC8D00D14141 /* Products */;
			projectDirPath = "";
			projectRoot = "";
			targets = (
				4693E67C24D5AC8D00D14141 /* iMultiply */,
				4693E68A24D7033700D14141 /* iMultiplyTests */,
			);
		};
/* End PBXProject section */

/* Begin PBXResourcesBuildPhase section */
		4693E68924D7033700D14141 /* Resources */ = {
			isa = PBXResourcesBuildPhase;
			buildActionMask = 2147483647;
			files = (
			);
			runOnlyForDeploymentPostprocessing = 0;
		};
/* End PBXResourcesBuildPhase section */

/* Begin PBXSourcesBuildPhase section */
		4693E67924D5AC8D00D14141 /* Sources */ = {
			isa = PBXSourcesBuildPhase;
			buildActionMask = 2147483647;
			files = (
				4693E68124D5AC8D00D14141 /* main.swift in Sources */,
				4693E69524D703B700D14141 /* Question.swift in Sources */,
			);
			runOnlyForDeploymentPostprocessing = 0;
		};
		4693E68724D7033700D14141 /* Sources */ = {
			isa = PBXSourcesBuildPhase;
			buildActionMask = 2147483647;
			files = (
				469B7F9124D7062B00EE88F8 /* Question.swift in Sources */,
				4693E69324D7035700D14141 /* main.swift in Sources */,
				4693E68E24D7033700D14141 /* iMultiplyTests.swift in Sources */,
			);
			runOnlyForDeploymentPostprocessing = 0;
		};
/* End PBXSourcesBuildPhase section */

/* Begin XCBuildConfiguration section */
		4693E68224D5AC8D00D14141 /* Debug */ = {
			isa = XCBuildConfiguration;
			buildSettings = {
				ALWAYS_SEARCH_USER_PATHS = NO;
				CLANG_ANALYZER_NONNULL = YES;
				CLANG_ANALYZER_NUMBER_OBJECT_CONVERSION = YES_AGGRESSIVE;
				CLANG_CXX_LANGUAGE_STANDARD = "gnu++14";
				CLANG_CXX_LIBRARY = "libc++";
				CLANG_ENABLE_MODULES = YES;
				CLANG_ENABLE_OBJC_ARC = YES;
				CLANG_ENABLE_OBJC_WEAK = YES;
				CLANG_WARN_BLOCK_CAPTURE_AUTORELEASING = YES;
				CLANG_WARN_BOOL_CONVERSION = YES;
				CLANG_WARN_COMMA = YES;
				CLANG_WARN_CONSTANT_CONVERSION = YES;
				CLANG_WARN_DEPRECATED_OBJC_IMPLEMENTATIONS = YES;
				CLANG_WARN_DIRECT_OBJC_ISA_USAGE = YES_ERROR;
				CLANG_WARN_DOCUMENTATION_COMMENTS = YES;
				CLANG_WARN_EMPTY_BODY = YES;
				CLANG_WARN_ENUM_CONVERSION = YES;
				CLANG_WARN_INFINITE_RECURSION = YES;
				CLANG_WARN_INT_CONVERSION = YES;
				CLANG_WARN_NON_LITERAL_NULL_CONVERSION = YES;
				CLANG_WARN_OBJC_IMPLICIT_RETAIN_SELF = YES;
				CLANG_WARN_OBJC_LITERAL_CONVERSION = YES;
				CLANG_WARN_OBJC_ROOT_CLASS = YES_ERROR;
				CLANG_WARN_RANGE_LOOP_ANALYSIS = YES;
				CLANG_WARN_STRICT_PROTOTYPES = YES;
				CLANG_WARN_SUSPICIOUS_MOVE = YES;
				CLANG_WARN_UNGUARDED_AVAILABILITY = YES_AGGRESSIVE;
				CLANG_WARN_UNREACHABLE_CODE = YES;
				CLANG_WARN__DUPLICATE_METHOD_MATCH = YES;
				COPY_PHASE_STRIP = NO;
				DEBUG_INFORMATION_FORMAT = dwarf;
				ENABLE_STRICT_OBJC_MSGSEND = YES;
				ENABLE_TESTABILITY = YES;
				GCC_C_LANGUAGE_STANDARD = gnu11;
				GCC_DYNAMIC_NO_PIC = NO;
				GCC_NO_COMMON_BLOCKS = YES;
				GCC_OPTIMIZATION_LEVEL = 0;
				GCC_PREPROCESSOR_DEFINITIONS = (
					"DEBUG=1",
					"$(inherited)",
				);
				GCC_WARN_64_TO_32_BIT_CONVERSION = YES;
				GCC_WARN_ABOUT_RETURN_TYPE = YES_ERROR;
				GCC_WARN_UNDECLARED_SELECTOR = YES;
				GCC_WARN_UNINITIALIZED_AUTOS = YES_AGGRESSIVE;
				GCC_WARN_UNUSED_FUNCTION = YES;
				GCC_WARN_UNUSED_VARIABLE = YES;
				MACOSX_DEPLOYMENT_TARGET = 10.15;
				MTL_ENABLE_DEBUG_INFO = INCLUDE_SOURCE;
				MTL_FAST_MATH = YES;
				ONLY_ACTIVE_ARCH = YES;
				SDKROOT = macosx;
				SWIFT_ACTIVE_COMPILATION_CONDITIONS = DEBUG;
				SWIFT_OPTIMIZATION_LEVEL = "-Onone";
			};
			name = Debug;
		};
		4693E68324D5AC8D00D14141 /* Release */ = {
			isa = XCBuildConfiguration;
			buildSettings = {
				ALWAYS_SEARCH_USER_PATHS = NO;
				CLANG_ANALYZER_NONNULL = YES;
				CLANG_ANALYZER_NUMBER_OBJECT_CONVERSION = YES_AGGRESSIVE;
				CLANG_CXX_LANGUAGE_STANDARD = "gnu++14";
				CLANG_CXX_LIBRARY = "libc++";
				CLANG_ENABLE_MODULES = YES;
				CLANG_ENABLE_OBJC_ARC = YES;
				CLANG_ENABLE_OBJC_WEAK = YES;
				CLANG_WARN_BLOCK_CAPTURE_AUTORELEASING = YES;
				CLANG_WARN_BOOL_CONVERSION = YES;
				CLANG_WARN_COMMA = YES;
				CLANG_WARN_CONSTANT_CONVERSION = YES;
				CLANG_WARN_DEPRECATED_OBJC_IMPLEMENTATIONS = YES;
				CLANG_WARN_DIRECT_OBJC_ISA_USAGE = YES_ERROR;
				CLANG_WARN_DOCUMENTATION_COMMENTS = YES;
				CLANG_WARN_EMPTY_BODY = YES;
				CLANG_WARN_ENUM_CONVERSION = YES;
				CLANG_WARN_INFINITE_RECURSION = YES;
				CLANG_WARN_INT_CONVERSION = YES;
				CLANG_WARN_NON_LITERAL_NULL_CONVERSION = YES;
				CLANG_WARN_OBJC_IMPLICIT_RETAIN_SELF = YES;
				CLANG_WARN_OBJC_LITERAL_CONVERSION = YES;
				CLANG_WARN_OBJC_ROOT_CLASS = YES_ERROR;
				CLANG_WARN_RANGE_LOOP_ANALYSIS = YES;
				CLANG_WARN_STRICT_PROTOTYPES = YES;
				CLANG_WARN_SUSPICIOUS_MOVE = YES;
				CLANG_WARN_UNGUARDED_AVAILABILITY = YES_AGGRESSIVE;
				CLANG_WARN_UNREACHABLE_CODE = YES;
				CLANG_WARN__DUPLICATE_METHOD_MATCH = YES;
				COPY_PHASE_STRIP = NO;
				DEBUG_INFORMATION_FORMAT = "dwarf-with-dsym";
				ENABLE_NS_ASSERTIONS = NO;
				ENABLE_STRICT_OBJC_MSGSEND = YES;
				GCC_C_LANGUAGE_STANDARD = gnu11;
				GCC_NO_COMMON_BLOCKS = YES;
				GCC_WARN_64_TO_32_BIT_CONVERSION = YES;
				GCC_WARN_ABOUT_RETURN_TYPE = YES_ERROR;
				GCC_WARN_UNDECLARED_SELECTOR = YES;
				GCC_WARN_UNINITIALIZED_AUTOS = YES_AGGRESSIVE;
				GCC_WARN_UNUSED_FUNCTION = YES;
				GCC_WARN_UNUSED_VARIABLE = YES;
				MACOSX_DEPLOYMENT_TARGET = 10.15;
				MTL_ENABLE_DEBUG_INFO = NO;
				MTL_FAST_MATH = YES;
				SDKROOT = macosx;
				SWIFT_COMPILATION_MODE = wholemodule;
				SWIFT_OPTIMIZATION_LEVEL = "-O";
			};
			name = Release;
		};
		4693E68524D5AC8D00D14141 /* Debug */ = {
			isa = XCBuildConfiguration;
			buildSettings = {
				CODE_SIGN_STYLE = Automatic;
				DEVELOPMENT_TEAM = 73MP3ATTJU;
				ENABLE_HARDENED_RUNTIME = YES;
				PRODUCT_NAME = "$(TARGET_NAME)";
				SWIFT_VERSION = 5.0;
			};
			name = Debug;
		};
		4693E68624D5AC8D00D14141 /* Release */ = {
			isa = XCBuildConfiguration;
			buildSettings = {
				CODE_SIGN_STYLE = Automatic;
				DEVELOPMENT_TEAM = 73MP3ATTJU;
				ENABLE_HARDENED_RUNTIME = YES;
				PRODUCT_NAME = "$(TARGET_NAME)";
				SWIFT_VERSION = 5.0;
			};
			name = Release;
		};
		4693E69124D7033700D14141 /* Debug */ = {
			isa = XCBuildConfiguration;
			buildSettings = {
				CODE_SIGN_STYLE = Automatic;
				COMBINE_HIDPI_IMAGES = YES;
				DEVELOPMENT_TEAM = 73MP3ATTJU;
				INFOPLIST_FILE = iMultiplyTests/Info.plist;
				LD_RUNPATH_SEARCH_PATHS = (
					"$(inherited)",
					"@executable_path/../Frameworks",
					"@loader_path/../Frameworks",
				);
				PRODUCT_BUNDLE_IDENTIFIER = com.lodgeblaid.iMultiplyTests;
				PRODUCT_NAME = "$(TARGET_NAME)";
				SWIFT_VERSION = 5.0;
			};
			name = Debug;
		};
		4693E69224D7033700D14141 /* Release */ = {
			isa = XCBuildConfiguration;
			buildSettings = {
				CODE_SIGN_STYLE = Automatic;
				COMBINE_HIDPI_IMAGES = YES;
				DEVELOPMENT_TEAM = 73MP3ATTJU;
				INFOPLIST_FILE = iMultiplyTests/Info.plist;
				LD_RUNPATH_SEARCH_PATHS = (
					"$(inherited)",
					"@executable_path/../Frameworks",
					"@loader_path/../Frameworks",
				);
				PRODUCT_BUNDLE_IDENTIFIER = com.lodgeblaid.iMultiplyTests;
				PRODUCT_NAME = "$(TARGET_NAME)";
				SWIFT_VERSION = 5.0;
			};
			name = Release;
		};
/* End XCBuildConfiguration section */

/* Begin XCConfigurationList section */
		4693E67824D5AC8D00D14141 /* Build configuration list for PBXProject "iMultiply" */ = {
			isa = XCConfigurationList;
			buildConfigurations = (
				4693E68224D5AC8D00D14141 /* Debug */,
				4693E68324D5AC8D00D14141 /* Release */,
			);
			defaultConfigurationIsVisible = 0;
			defaultConfigurationName = Release;
		};
		4693E68424D5AC8D00D14141 /* Build configuration list for PBXNativeTarget "iMultiply" */ = {
			isa = XCConfigurationList;
			buildConfigurations = (
				4693E68524D5AC8D00D14141 /* Debug */,
				4693E68624D5AC8D00D14141 /* Release */,
			);
			defaultConfigurationIsVisible = 0;
			defaultConfigurationName = Release;
		};
		4693E69024D7033700D14141 /* Build configuration list for PBXNativeTarget "iMultiplyTests" */ = {
			isa = XCConfigurationList;
			buildConfigurations = (
				4693E69124D7033700D14141 /* Debug */,
				4693E69224D7033700D14141 /* Release */,
			);
			defaultConfigurationIsVisible = 0;
			defaultConfigurationName = Release;
		};
/* End XCConfigurationList section */
	};
	rootObject = 4693E67524D5AC8D00D14141 /* Project object */;
}
